{
  "version": "5",
  "specifiers": {
    "jsr:@std/cli@1.0.25": "1.0.25",
    "jsr:@std/json@^1.0.2": "1.0.2",
    "jsr:@std/jsonc@1.0.2": "1.0.2"
  },
  "jsr": {
    "@std/cli@1.0.25": {
      "integrity": "1f85051b370c97a7a9dfc6ba626e7ed57a91bea8c081597276d1e78d929d8c91"
    },
    "@std/json@1.0.2": {
      "integrity": "d9e5497801c15fb679f55a2c01c7794ad7a5dfda4dd1bebab5e409cb5e0d34d4"
    },
    "@std/jsonc@1.0.2": {
      "integrity": "909605dae3af22bd75b1cbda8d64a32cf1fd2cf6efa3f9e224aba6d22c0f44c7",
      "dependencies": [
        "jsr:@std/json"
      ]
    }
  },
  "workspace": {
    "dependencies": [
      "jsr:@std/cli@1.0.25",
      "jsr:@std/jsonc@1.0.2"
    ]
  }
}
